{
  "name": "cdn.cubing.net",
  "lockfileVersion": 2,
  "requires": true,
  "packages": {
    "": {
      "dependencies": {
        "@cubing/icons": "^1.0.8",
        "@fontsource/ubuntu": "^4.5.11",
        "cubing": "^0.42.1",
        "random-uint-below": "^2.0.0",
        "scramble-display": "^0.5.3",
        "three": "^0.146.0"
      },
      "devDependencies": {
        "@biomejs/biome": "^1.1.0",
        "esbuild": "^0.15.14"
      }
    },
    "node_modules/@biomejs/biome": {
      "version": "1.1.0",
      "resolved": "https://registry.npmjs.org/@biomejs/biome/-/biome-1.1.0.tgz",
      "integrity": "sha512-0cDWzMdKhGq/xhmnEVRUHYp7OPGJdKP/Ykps+z20AeUNbwvxY6sKCtXYxnO2KRD34+3akSzhrzvknM4YsyiFlw==",
      "dev": true,
      "hasInstallScript": true,
      "bin": {
        "biome": "bin/biome"
      },
      "engines": {
        "node": ">=14.*"
      },
      "optionalDependencies": {
        "@biomejs/cli-darwin-arm64": "1.1.0",
        "@biomejs/cli-darwin-x64": "1.1.0",
        "@biomejs/cli-linux-arm64": "1.1.0",
        "@biomejs/cli-linux-x64": "1.1.0",
        "@biomejs/cli-win32-arm64": "1.1.0",
        "@biomejs/cli-win32-x64": "1.1.0"
      }
    },
    "node_modules/@biomejs/cli-darwin-arm64": {
      "version": "1.1.0",
      "resolved": "https://registry.npmjs.org/@biomejs/cli-darwin-arm64/-/cli-darwin-arm64-1.1.0.tgz",
      "integrity": "sha512-2NbviMV7029//HW3Dltk0BUDcprQCkBPpanleEewJ5rm86f4r9/ELzG0w6LhBsjt10Opy7RpY3Hd6B/WrIRSvw==",
      "cpu": [
        "arm64"
      ],
      "dev": true,
      "optional": true,
      "os": [
        "darwin"
      ],
      "engines": {
        "node": ">=14.*"
      }
    },
    "node_modules/@biomejs/cli-darwin-x64": {
      "version": "1.1.0",
      "resolved": "https://registry.npmjs.org/@biomejs/cli-darwin-x64/-/cli-darwin-x64-1.1.0.tgz",
      "integrity": "sha512-LuJNjGCBR8LScKTuIIl/mcNVDq2yGfBRYTUAplEmJB/I2/pj2jaD69idaN9AAOodA23i3G1IuZCh4a/8KhFs3g==",
      "cpu": [
        "x64"
      ],
      "dev": true,
      "optional": true,
      "os": [
        "darwin"
      ],
      "engines": {
        "node": ">=14.*"
      }
    },
    "node_modules/@biomejs/cli-linux-arm64": {
      "version": "1.1.0",
      "resolved": "https://registry.npmjs.org/@biomejs/cli-linux-arm64/-/cli-linux-arm64-1.1.0.tgz",
      "integrity": "sha512-5D9waO1dB0nZg1TB9LNtc/PT9P5+sapF8J2NHPOzxttIWaM0NNUCJACCtJ8nDdd/pXXsFME2LYYrUeFSIBLD1Q==",
      "cpu": [
        "arm64"
      ],
      "dev": true,
      "optional": true,
      "os": [
        "linux"
      ],
      "engines": {
        "node": ">=14.*"
      }
    },
    "node_modules/@biomejs/cli-linux-x64": {
      "version": "1.1.0",
      "resolved": "https://registry.npmjs.org/@biomejs/cli-linux-x64/-/cli-linux-x64-1.1.0.tgz",
      "integrity": "sha512-fsKs7kANBtTR8y/qqoWqIQPmkC7VtnsVN3sy5wmqzT7vjHyZPJoL1QDIiZlYDJO6pVBOjkRniNFCQhtXkZDfWA==",
      "cpu": [
        "x64"
      ],
      "dev": true,
      "optional": true,
      "os": [
        "linux"
      ],
      "engines": {
        "node": ">=14.*"
      }
    },
    "node_modules/@biomejs/cli-win32-arm64": {
      "version": "1.1.0",
      "resolved": "https://registry.npmjs.org/@biomejs/cli-win32-arm64/-/cli-win32-arm64-1.1.0.tgz",
      "integrity": "sha512-u/Q8IjfDFJh5lJx3bUJW2dS/qRtOdU31ZN750xQi5rot0zCHiIcVkQ+aLIREaftmWw4kbVCvJHnpSnZsNGLUqg==",
      "cpu": [
        "arm64"
      ],
      "dev": true,
      "optional": true,
      "os": [
        "win32"
      ],
      "engines": {
        "node": ">=14.*"
      }
    },
    "node_modules/@biomejs/cli-win32-x64": {
      "version": "1.1.0",
      "resolved": "https://registry.npmjs.org/@biomejs/cli-win32-x64/-/cli-win32-x64-1.1.0.tgz",
      "integrity": "sha512-1KngaabxKQ0ai3P6UiL0d3tq6P5OQvZ9eVHhaqHkHnmY5th61+1EoILWu6zGKdKc2/O/HS+0qOgeFS8wTEHTaA==",
      "cpu": [
        "x64"
      ],
      "dev": true,
      "optional": true,
      "os": [
        "win32"
      ],
      "engines": {
        "node": ">=14.*"
      }
    },
    "node_modules/@cubing/icons": {
      "version": "1.0.8",
      "resolved": "https://registry.npmjs.org/@cubing/icons/-/icons-1.0.8.tgz",
      "integrity": "sha512-2TpuqGONN5iJMtW4D0gw7W/ve2KxRhatPN5s6KEJ5A+KcAue6G2Kwc1dg/ZIruLfl8GLCUGOCdyDEMKChBCCDQ=="
    },
    "node_modules/@esbuild/android-arm": {
      "version": "0.15.14",
      "resolved": "https://registry.npmjs.org/@esbuild/android-arm/-/android-arm-0.15.14.tgz",
      "integrity": "sha512-+Rb20XXxRGisNu2WmNKk+scpanb7nL5yhuI1KR9wQFiC43ddPj/V1fmNyzlFC9bKiG4mYzxW7egtoHVcynr+OA==",
      "cpu": [
        "arm"
      ],
      "dev": true,
      "optional": true,
      "os": [
        "android"
      ],
      "engines": {
        "node": ">=12"
      }
    },
    "node_modules/@esbuild/linux-loong64": {
      "version": "0.15.14",
      "resolved": "https://registry.npmjs.org/@esbuild/linux-loong64/-/linux-loong64-0.15.14.tgz",
      "integrity": "sha512-eQi9rosGNVQFJyJWV0HCA5WZae/qWIQME7s8/j8DMvnylfBv62Pbu+zJ2eUDqNf2O4u3WB+OEXyfkpBoe194sg==",
      "cpu": [
        "loong64"
      ],
      "dev": true,
      "optional": true,
      "os": [
        "linux"
      ],
      "engines": {
        "node": ">=12"
      }
    },
    "node_modules/@fontsource/ubuntu": {
      "version": "4.5.11",
      "resolved": "https://registry.npmjs.org/@fontsource/ubuntu/-/ubuntu-4.5.11.tgz",
      "integrity": "sha512-c+B8A8r31hJLk8Ek7Svoz4GwjtInhc60LFM6XTr5TKtZbcct8TPNxJuKX4+hnqoWgcvy8s0Gj4mde4TcK/SgDQ=="
    },
    "node_modules/@types/three": {
      "version": "0.144.0",
      "resolved": "https://registry.npmjs.org/@types/three/-/three-0.144.0.tgz",
      "integrity": "sha512-psvEs6q5rLN50jUYZ3D4pZMfxTbdt3A243blt0my7/NcL6chaCZpHe2csbCtx0SOD9fI/XnF3wnVUAYZGqCSYg==",
      "dependencies": {
        "@types/webxr": "*"
      }
    },
    "node_modules/@types/web-bluetooth": {
      "version": "0.0.15",
      "resolved": "https://registry.npmjs.org/@types/web-bluetooth/-/web-bluetooth-0.0.15.tgz",
      "integrity": "sha512-w7hEHXnPMEZ+4nGKl/KDRVpxkwYxYExuHOYXyzIzCDzEZ9ZCGMAewulr9IqJu2LR4N37fcnb1XVeuZ09qgOxhA=="
    },
    "node_modules/@types/webxr": {
      "version": "0.5.0",
      "resolved": "https://registry.npmjs.org/@types/webxr/-/webxr-0.5.0.tgz",
      "integrity": "sha512-IUMDPSXnYIbEO2IereEFcgcqfDREOgmbGqtrMpVPpACTU6pltYLwHgVkrnYv0XhWEcjio9sYEfIEzgn3c7nDqA=="
    },
    "node_modules/comlink": {
      "version": "4.4.1",
      "resolved": "https://registry.npmjs.org/comlink/-/comlink-4.4.1.tgz",
      "integrity": "sha512-+1dlx0aY5Jo1vHy/tSsIGpSkN4tS9rZSW8FIhG0JH/crs9wwweswIo/POr451r7bZww3hFbPAKnTpimzL/mm4Q=="
    },
    "node_modules/cubing": {
      "version": "0.42.1",
      "resolved": "https://registry.npmjs.org/cubing/-/cubing-0.42.1.tgz",
      "integrity": "sha512-WEh8c+hpMOvvXwtC7Ox5tdlxKZo1uqYWQFbJugZCrd9pze3HjyWjRTryC2FhC8HuXbJZo0DEosCBiWpEfkloPA==",
      "dependencies": {
        "@types/three": "^0.149.0",
        "@types/web-bluetooth": "^0.0.16",
        "comlink": "^4.4.1",
        "random-uint-below": "^2.0.0",
        "three": "^0.150.1"
      },
      "engines": {
        "node": ">=19"
      }
    },
    "node_modules/cubing/node_modules/@types/three": {
      "version": "0.149.0",
      "resolved": "https://registry.npmjs.org/@types/three/-/three-0.149.0.tgz",
      "integrity": "sha512-fgNBm9LWc65ER/W0cvoXdC0iMy7Ke9e2CONmEr6Jt8sDSY3sw4DgOubZfmdZ747dkPhbQrgRQAWwDEr2S/7IEg==",
      "dependencies": {
        "@types/webxr": "*"
      }
    },
    "node_modules/cubing/node_modules/@types/web-bluetooth": {
      "version": "0.0.16",
      "resolved": "https://registry.npmjs.org/@types/web-bluetooth/-/web-bluetooth-0.0.16.tgz",
      "integrity": "sha512-oh8q2Zc32S6gd/j50GowEjKLoOVOwHP/bWVjKJInBwQqdOYMdPrf1oVlelTlyfFK3CKxL1uahMDAr+vy8T7yMQ=="
    },
    "node_modules/cubing/node_modules/three": {
      "version": "0.150.1",
      "resolved": "https://registry.npmjs.org/three/-/three-0.150.1.tgz",
      "integrity": "sha512-5C1MqKUWaHYo13BX0Q64qcdwImgnnjSOFgBscOzAo8MYCzEtqfQqorEKMcajnA3FHy1yVlIe9AmaMQ0OQracNA=="
    },
    "node_modules/esbuild": {
      "version": "0.15.14",
      "resolved": "https://registry.npmjs.org/esbuild/-/esbuild-0.15.14.tgz",
      "integrity": "sha512-pJN8j42fvWLFWwSMG4luuupl2Me7mxciUOsMegKvwCmhEbJ2covUdFnihxm0FMIBV+cbwbtMoHgMCCI+pj1btQ==",
      "dev": true,
      "hasInstallScript": true,
      "bin": {
        "esbuild": "bin/esbuild"
      },
      "engines": {
        "node": ">=12"
      },
      "optionalDependencies": {
        "@esbuild/android-arm": "0.15.14",
        "@esbuild/linux-loong64": "0.15.14",
        "esbuild-android-64": "0.15.14",
        "esbuild-android-arm64": "0.15.14",
        "esbuild-darwin-64": "0.15.14",
        "esbuild-darwin-arm64": "0.15.14",
        "esbuild-freebsd-64": "0.15.14",
        "esbuild-freebsd-arm64": "0.15.14",
        "esbuild-linux-32": "0.15.14",
        "esbuild-linux-64": "0.15.14",
        "esbuild-linux-arm": "0.15.14",
        "esbuild-linux-arm64": "0.15.14",
        "esbuild-linux-mips64le": "0.15.14",
        "esbuild-linux-ppc64le": "0.15.14",
        "esbuild-linux-riscv64": "0.15.14",
        "esbuild-linux-s390x": "0.15.14",
        "esbuild-netbsd-64": "0.15.14",
        "esbuild-openbsd-64": "0.15.14",
        "esbuild-sunos-64": "0.15.14",
        "esbuild-windows-32": "0.15.14",
        "esbuild-windows-64": "0.15.14",
        "esbuild-windows-arm64": "0.15.14"
      }
    },
    "node_modules/esbuild-android-64": {
      "version": "0.15.14",
      "resolved": "https://registry.npmjs.org/esbuild-android-64/-/esbuild-android-64-0.15.14.tgz",
      "integrity": "sha512-HuilVIb4rk9abT4U6bcFdU35UHOzcWVGLSjEmC58OVr96q5UiRqzDtWjPlCMugjhgUGKEs8Zf4ueIvYbOStbIg==",
      "cpu": [
        "x64"
      ],
      "dev": true,
      "optional": true,
      "os": [
        "android"
      ],
      "engines": {
        "node": ">=12"
      }
    },
    "node_modules/esbuild-android-arm64": {
      "version": "0.15.14",
      "resolved": "https://registry.npmjs.org/esbuild-android-arm64/-/esbuild-android-arm64-0.15.14.tgz",
      "integrity": "sha512-/QnxRVxsR2Vtf3XottAHj7hENAMW2wCs6S+OZcAbc/8nlhbAL/bCQRCVD78VtI5mdwqWkVi3wMqM94kScQCgqg==",
      "cpu": [
        "arm64"
      ],
      "dev": true,
      "optional": true,
      "os": [
        "android"
      ],
      "engines": {
        "node": ">=12"
      }
    },
    "node_modules/esbuild-darwin-64": {
      "version": "0.15.14",
      "resolved": "https://registry.npmjs.org/esbuild-darwin-64/-/esbuild-darwin-64-0.15.14.tgz",
      "integrity": "sha512-ToNuf1uifu8hhwWvoZJGCdLIX/1zpo8cOGnT0XAhDQXiKOKYaotVNx7pOVB1f+wHoWwTLInrOmh3EmA7Fd+8Vg==",
      "cpu": [
        "x64"
      ],
      "dev": true,
      "optional": true,
      "os": [
        "darwin"
      ],
      "engines": {
        "node": ">=12"
      }
    },
    "node_modules/esbuild-darwin-arm64": {
      "version": "0.15.14",
      "resolved": "https://registry.npmjs.org/esbuild-darwin-arm64/-/esbuild-darwin-arm64-0.15.14.tgz",
      "integrity": "sha512-KgGP+y77GszfYJgceO0Wi/PiRtYo5y2Xo9rhBUpxTPaBgWDJ14gqYN0+NMbu+qC2fykxXaipHxN4Scaj9tUS1A==",
      "cpu": [
        "arm64"
      ],
      "dev": true,
      "optional": true,
      "os": [
        "darwin"
      ],
      "engines": {
        "node": ">=12"
      }
    },
    "node_modules/esbuild-freebsd-64": {
      "version": "0.15.14",
      "resolved": "https://registry.npmjs.org/esbuild-freebsd-64/-/esbuild-freebsd-64-0.15.14.tgz",
      "integrity": "sha512-xr0E2n5lyWw3uFSwwUXHc0EcaBDtsal/iIfLioflHdhAe10KSctV978Te7YsfnsMKzcoGeS366+tqbCXdqDHQA==",
      "cpu": [
        "x64"
      ],
      "dev": true,
      "optional": true,
      "os": [
        "freebsd"
      ],
      "engines": {
        "node": ">=12"
      }
    },
    "node_modules/esbuild-freebsd-arm64": {
      "version": "0.15.14",
      "resolved": "https://registry.npmjs.org/esbuild-freebsd-arm64/-/esbuild-freebsd-arm64-0.15.14.tgz",
      "integrity": "sha512-8XH96sOQ4b1LhMlO10eEWOjEngmZ2oyw3pW4o8kvBcpF6pULr56eeYVP5radtgw54g3T8nKHDHYEI5AItvskZg==",
      "cpu": [
        "arm64"
      ],
      "dev": true,
      "optional": true,
      "os": [
        "freebsd"
      ],
      "engines": {
        "node": ">=12"
      }
    },
    "node_modules/esbuild-linux-32": {
      "version": "0.15.14",
      "resolved": "https://registry.npmjs.org/esbuild-linux-32/-/esbuild-linux-32-0.15.14.tgz",
      "integrity": "sha512-6ssnvwaTAi8AzKN8By2V0nS+WF5jTP7SfuK6sStGnDP7MCJo/4zHgM9oE1eQTS2jPmo3D673rckuCzRlig+HMA==",
      "cpu": [
        "ia32"
      ],
      "dev": true,
      "optional": true,
      "os": [
        "linux"
      ],
      "engines": {
        "node": ">=12"
      }
    },
    "node_modules/esbuild-linux-64": {
      "version": "0.15.14",
      "resolved": "https://registry.npmjs.org/esbuild-linux-64/-/esbuild-linux-64-0.15.14.tgz",
      "integrity": "sha512-ONySx3U0wAJOJuxGUlXBWxVKFVpWv88JEv0NZ6NlHknmDd1yCbf4AEdClSgLrqKQDXYywmw4gYDvdLsS6z0hcw==",
      "cpu": [
        "x64"
      ],
      "dev": true,
      "optional": true,
      "os": [
        "linux"
      ],
      "engines": {
        "node": ">=12"
      }
    },
    "node_modules/esbuild-linux-arm": {
      "version": "0.15.14",
      "resolved": "https://registry.npmjs.org/esbuild-linux-arm/-/esbuild-linux-arm-0.15.14.tgz",
      "integrity": "sha512-D2LImAIV3QzL7lHURyCHBkycVFbKwkDb1XEUWan+2fb4qfW7qAeUtul7ZIcIwFKZgPcl+6gKZmvLgPSj26RQ2Q==",
      "cpu": [
        "arm"
      ],
      "dev": true,
      "optional": true,
      "os": [
        "linux"
      ],
      "engines": {
        "node": ">=12"
      }
    },
    "node_modules/esbuild-linux-arm64": {
      "version": "0.15.14",
      "resolved": "https://registry.npmjs.org/esbuild-linux-arm64/-/esbuild-linux-arm64-0.15.14.tgz",
      "integrity": "sha512-kle2Ov6a1e5AjlHlMQl1e+c4myGTeggrRzArQFmWp6O6JoqqB9hT+B28EW4tjFWgV/NxUq46pWYpgaWXsXRPAg==",
      "cpu": [
        "arm64"
      ],
      "dev": true,
      "optional": true,
      "os": [
        "linux"
      ],
      "engines": {
        "node": ">=12"
      }
    },
    "node_modules/esbuild-linux-mips64le": {
      "version": "0.15.14",
      "resolved": "https://registry.npmjs.org/esbuild-linux-mips64le/-/esbuild-linux-mips64le-0.15.14.tgz",
      "integrity": "sha512-FVdMYIzOLXUq+OE7XYKesuEAqZhmAIV6qOoYahvUp93oXy0MOVTP370ECbPfGXXUdlvc0TNgkJa3YhEwyZ6MRA==",
      "cpu": [
        "mips64el"
      ],
      "dev": true,
      "optional": true,
      "os": [
        "linux"
      ],
      "engines": {
        "node": ">=12"
      }
    },
    "node_modules/esbuild-linux-ppc64le": {
      "version": "0.15.14",
      "resolved": "https://registry.npmjs.org/esbuild-linux-ppc64le/-/esbuild-linux-ppc64le-0.15.14.tgz",
      "integrity": "sha512-2NzH+iuzMDA+jjtPjuIz/OhRDf8tzbQ1tRZJI//aT25o1HKc0reMMXxKIYq/8nSHXiJSnYV4ODzTiv45s+h73w==",
      "cpu": [
        "ppc64"
      ],
      "dev": true,
      "optional": true,
      "os": [
        "linux"
      ],
      "engines": {
        "node": ">=12"
      }
    },
    "node_modules/esbuild-linux-riscv64": {
      "version": "0.15.14",
      "resolved": "https://registry.npmjs.org/esbuild-linux-riscv64/-/esbuild-linux-riscv64-0.15.14.tgz",
      "integrity": "sha512-VqxvutZNlQxmUNS7Ac+aczttLEoHBJ9e3OYGqnULrfipRvG97qLrAv9EUY9iSrRKBqeEbSvS9bSfstZqwz0T4Q==",
      "cpu": [
        "riscv64"
      ],
      "dev": true,
      "optional": true,
      "os": [
        "linux"
      ],
      "engines": {
        "node": ">=12"
      }
    },
    "node_modules/esbuild-linux-s390x": {
      "version": "0.15.14",
      "resolved": "https://registry.npmjs.org/esbuild-linux-s390x/-/esbuild-linux-s390x-0.15.14.tgz",
      "integrity": "sha512-+KVHEUshX5n6VP6Vp/AKv9fZIl5kr2ph8EUFmQUJnDpHwcfTSn2AQgYYm0HTBR2Mr4d0Wlr0FxF/Cs5pbFgiOw==",
      "cpu": [
        "s390x"
      ],
      "dev": true,
      "optional": true,
      "os": [
        "linux"
      ],
      "engines": {
        "node": ">=12"
      }
    },
    "node_modules/esbuild-netbsd-64": {
      "version": "0.15.14",
      "resolved": "https://registry.npmjs.org/esbuild-netbsd-64/-/esbuild-netbsd-64-0.15.14.tgz",
      "integrity": "sha512-6D/dr17piEgevIm1xJfZP2SjB9Z+g8ERhNnBdlZPBWZl+KSPUKLGF13AbvC+nzGh8IxOH2TyTIdRMvKMP0nEzQ==",
      "cpu": [
        "x64"
      ],
      "dev": true,
      "optional": true,
      "os": [
        "netbsd"
      ],
      "engines": {
        "node": ">=12"
      }
    },
    "node_modules/esbuild-openbsd-64": {
      "version": "0.15.14",
      "resolved": "https://registry.npmjs.org/esbuild-openbsd-64/-/esbuild-openbsd-64-0.15.14.tgz",
      "integrity": "sha512-rREQBIlMibBetgr2E9Lywt2Qxv2ZdpmYahR4IUlAQ1Efv/A5gYdO0/VIN3iowDbCNTLxp0bb57Vf0LFcffD6kA==",
      "cpu": [
        "x64"
      ],
      "dev": true,
      "optional": true,
      "os": [
        "openbsd"
      ],
      "engines": {
        "node": ">=12"
      }
    },
    "node_modules/esbuild-sunos-64": {
      "version": "0.15.14",
      "resolved": "https://registry.npmjs.org/esbuild-sunos-64/-/esbuild-sunos-64-0.15.14.tgz",
      "integrity": "sha512-DNVjSp/BY4IfwtdUAvWGIDaIjJXY5KI4uD82+15v6k/w7px9dnaDaJJ2R6Mu+KCgr5oklmFc0KjBjh311Gxl9Q==",
      "cpu": [
        "x64"
      ],
      "dev": true,
      "optional": true,
      "os": [
        "sunos"
      ],
      "engines": {
        "node": ">=12"
      }
    },
    "node_modules/esbuild-windows-32": {
      "version": "0.15.14",
      "resolved": "https://registry.npmjs.org/esbuild-windows-32/-/esbuild-windows-32-0.15.14.tgz",
      "integrity": "sha512-pHBWrcA+/oLgvViuG9FO3kNPO635gkoVrRQwe6ZY1S0jdET07xe2toUvQoJQ8KT3/OkxqUasIty5hpuKFLD+eg==",
      "cpu": [
        "ia32"
      ],
      "dev": true,
      "optional": true,
      "os": [
        "win32"
      ],
      "engines": {
        "node": ">=12"
      }
    },
    "node_modules/esbuild-windows-64": {
      "version": "0.15.14",
      "resolved": "https://registry.npmjs.org/esbuild-windows-64/-/esbuild-windows-64-0.15.14.tgz",
      "integrity": "sha512-CszIGQVk/P8FOS5UgAH4hKc9zOaFo69fe+k1rqgBHx3CSK3Opyk5lwYriIamaWOVjBt7IwEP6NALz+tkVWdFog==",
      "cpu": [
        "x64"
      ],
      "dev": true,
      "optional": true,
      "os": [
        "win32"
      ],
      "engines": {
        "node": ">=12"
      }
    },
    "node_modules/esbuild-windows-arm64": {
      "version": "0.15.14",
      "resolved": "https://registry.npmjs.org/esbuild-windows-arm64/-/esbuild-windows-arm64-0.15.14.tgz",
      "integrity": "sha512-KW9W4psdZceaS9A7Jsgl4WialOznSURvqX/oHZk3gOP7KbjtHLSsnmSvNdzagGJfxbAe30UVGXRe8q8nDsOSQw==",
      "cpu": [
        "arm64"
      ],
      "dev": true,
      "optional": true,
      "os": [
        "win32"
      ],
      "engines": {
        "node": ">=12"
      }
    },
    "node_modules/random-uint-below": {
      "version": "2.0.0",
      "resolved": "https://registry.npmjs.org/random-uint-below/-/random-uint-below-2.0.0.tgz",
      "integrity": "sha512-2gD9r+3IkNJ6JGfra+T2tA4SGf3ne5pz2QGuXQ9fXdxAX38i0OEsqJ19smnEsYnjhYi0H0ICo8D4pfqw3Pszhw==",
      "engines": {
        "node": ">=19"
      }
    },
    "node_modules/scramble-display": {
      "version": "0.5.3",
      "resolved": "https://registry.npmjs.org/scramble-display/-/scramble-display-0.5.3.tgz",
      "integrity": "sha512-8vIHXx52IRS8v8LmG4a2YALstr9ZEYqbyHUVLAqRDTNnOcmv/3hbwWBsjWYw4MC9B1OGSfq1LJLL1u3uOJYDVg==",
      "dependencies": {
        "cubing": "^0.32.1"
      }
    },
    "node_modules/scramble-display/node_modules/cubing": {
      "version": "0.32.2",
      "resolved": "https://registry.npmjs.org/cubing/-/cubing-0.32.2.tgz",
      "integrity": "sha512-Xc3Ht+se+P0+uuhn9pI05W6pZQnJrL4uRDubkJlqnFKUgssoIaSDm+kXOCovNUT8JRk6ZmC/9zT1uEf6mVzDVg==",
      "dependencies": {
        "@types/three": "^0.144.0",
        "@types/web-bluetooth": "^0.0.15",
        "comlink": "^4.3.1",
        "random-uint-below": "^2.0.0",
        "three": "^0.144.0"
      },
      "engines": {
        "node": ">=19"
      }
    },
    "node_modules/scramble-display/node_modules/three": {
      "version": "0.144.0",
      "resolved": "https://registry.npmjs.org/three/-/three-0.144.0.tgz",
      "integrity": "sha512-R8AXPuqfjfRJKkYoTQcTK7A6i3AdO9++2n8ubya/GTU+fEHhYKu1ZooRSCPkx69jbnzT7dD/xEo6eROQTt2lJw=="
    },
    "node_modules/three": {
      "version": "0.146.0",
      "resolved": "https://registry.npmjs.org/three/-/three-0.146.0.tgz",
      "integrity": "sha512-1lvNfLezN6OJ9NaFAhfX4sm5e9YCzHtaRgZ1+B4C+Hv6TibRMsuBAM5/wVKzxjpYIlMymvgsHEFrrigEfXnb2A=="
    }
  },
  "dependencies": {
    "@biomejs/biome": {
      "version": "1.1.0",
      "resolved": "https://registry.npmjs.org/@biomejs/biome/-/biome-1.1.0.tgz",
      "integrity": "sha512-0cDWzMdKhGq/xhmnEVRUHYp7OPGJdKP/Ykps+z20AeUNbwvxY6sKCtXYxnO2KRD34+3akSzhrzvknM4YsyiFlw==",
      "dev": true,
      "requires": {
        "@biomejs/cli-darwin-arm64": "1.1.0",
        "@biomejs/cli-darwin-x64": "1.1.0",
        "@biomejs/cli-linux-arm64": "1.1.0",
        "@biomejs/cli-linux-x64": "1.1.0",
        "@biomejs/cli-win32-arm64": "1.1.0",
        "@biomejs/cli-win32-x64": "1.1.0"
      }
    },
    "@biomejs/cli-darwin-arm64": {
      "version": "1.1.0",
      "resolved": "https://registry.npmjs.org/@biomejs/cli-darwin-arm64/-/cli-darwin-arm64-1.1.0.tgz",
      "integrity": "sha512-2NbviMV7029//HW3Dltk0BUDcprQCkBPpanleEewJ5rm86f4r9/ELzG0w6LhBsjt10Opy7RpY3Hd6B/WrIRSvw==",
      "dev": true,
      "optional": true
    },
    "@biomejs/cli-darwin-x64": {
      "version": "1.1.0",
      "resolved": "https://registry.npmjs.org/@biomejs/cli-darwin-x64/-/cli-darwin-x64-1.1.0.tgz",
      "integrity": "sha512-LuJNjGCBR8LScKTuIIl/mcNVDq2yGfBRYTUAplEmJB/I2/pj2jaD69idaN9AAOodA23i3G1IuZCh4a/8KhFs3g==",
      "dev": true,
      "optional": true
    },
    "@biomejs/cli-linux-arm64": {
      "version": "1.1.0",
      "resolved": "https://registry.npmjs.org/@biomejs/cli-linux-arm64/-/cli-linux-arm64-1.1.0.tgz",
      "integrity": "sha512-5D9waO1dB0nZg1TB9LNtc/PT9P5+sapF8J2NHPOzxttIWaM0NNUCJACCtJ8nDdd/pXXsFME2LYYrUeFSIBLD1Q==",
      "dev": true,
      "optional": true
    },
    "@biomejs/cli-linux-x64": {
      "version": "1.1.0",
      "resolved": "https://registry.npmjs.org/@biomejs/cli-linux-x64/-/cli-linux-x64-1.1.0.tgz",
      "integrity": "sha512-fsKs7kANBtTR8y/qqoWqIQPmkC7VtnsVN3sy5wmqzT7vjHyZPJoL1QDIiZlYDJO6pVBOjkRniNFCQhtXkZDfWA==",
      "dev": true,
      "optional": true
    },
    "@biomejs/cli-win32-arm64": {
      "version": "1.1.0",
      "resolved": "https://registry.npmjs.org/@biomejs/cli-win32-arm64/-/cli-win32-arm64-1.1.0.tgz",
      "integrity": "sha512-u/Q8IjfDFJh5lJx3bUJW2dS/qRtOdU31ZN750xQi5rot0zCHiIcVkQ+aLIREaftmWw4kbVCvJHnpSnZsNGLUqg==",
      "dev": true,
      "optional": true
    },
    "@biomejs/cli-win32-x64": {
      "version": "1.1.0",
      "resolved": "https://registry.npmjs.org/@biomejs/cli-win32-x64/-/cli-win32-x64-1.1.0.tgz",
      "integrity": "sha512-1KngaabxKQ0ai3P6UiL0d3tq6P5OQvZ9eVHhaqHkHnmY5th61+1EoILWu6zGKdKc2/O/HS+0qOgeFS8wTEHTaA==",
      "dev": true,
      "optional": true
    },
    "@cubing/icons": {
      "version": "1.0.8",
      "resolved": "https://registry.npmjs.org/@cubing/icons/-/icons-1.0.8.tgz",
      "integrity": "sha512-2TpuqGONN5iJMtW4D0gw7W/ve2KxRhatPN5s6KEJ5A+KcAue6G2Kwc1dg/ZIruLfl8GLCUGOCdyDEMKChBCCDQ=="
    },
    "@esbuild/android-arm": {
      "version": "0.15.14",
      "resolved": "https://registry.npmjs.org/@esbuild/android-arm/-/android-arm-0.15.14.tgz",
      "integrity": "sha512-+Rb20XXxRGisNu2WmNKk+scpanb7nL5yhuI1KR9wQFiC43ddPj/V1fmNyzlFC9bKiG4mYzxW7egtoHVcynr+OA==",
      "dev": true,
      "optional": true
    },
    "@esbuild/linux-loong64": {
      "version": "0.15.14",
      "resolved": "https://registry.npmjs.org/@esbuild/linux-loong64/-/linux-loong64-0.15.14.tgz",
      "integrity": "sha512-eQi9rosGNVQFJyJWV0HCA5WZae/qWIQME7s8/j8DMvnylfBv62Pbu+zJ2eUDqNf2O4u3WB+OEXyfkpBoe194sg==",
      "dev": true,
      "optional": true
    },
    "@fontsource/ubuntu": {
      "version": "4.5.11",
      "resolved": "https://registry.npmjs.org/@fontsource/ubuntu/-/ubuntu-4.5.11.tgz",
      "integrity": "sha512-c+B8A8r31hJLk8Ek7Svoz4GwjtInhc60LFM6XTr5TKtZbcct8TPNxJuKX4+hnqoWgcvy8s0Gj4mde4TcK/SgDQ=="
    },
    "@types/three": {
      "version": "0.144.0",
      "resolved": "https://registry.npmjs.org/@types/three/-/three-0.144.0.tgz",
      "integrity": "sha512-psvEs6q5rLN50jUYZ3D4pZMfxTbdt3A243blt0my7/NcL6chaCZpHe2csbCtx0SOD9fI/XnF3wnVUAYZGqCSYg==",
      "requires": {
        "@types/webxr": "*"
      }
    },
    "@types/web-bluetooth": {
      "version": "0.0.15",
      "resolved": "https://registry.npmjs.org/@types/web-bluetooth/-/web-bluetooth-0.0.15.tgz",
      "integrity": "sha512-w7hEHXnPMEZ+4nGKl/KDRVpxkwYxYExuHOYXyzIzCDzEZ9ZCGMAewulr9IqJu2LR4N37fcnb1XVeuZ09qgOxhA=="
    },
    "@types/webxr": {
      "version": "0.5.0",
      "resolved": "https://registry.npmjs.org/@types/webxr/-/webxr-0.5.0.tgz",
      "integrity": "sha512-IUMDPSXnYIbEO2IereEFcgcqfDREOgmbGqtrMpVPpACTU6pltYLwHgVkrnYv0XhWEcjio9sYEfIEzgn3c7nDqA=="
    },
    "comlink": {
      "version": "4.4.1",
      "resolved": "https://registry.npmjs.org/comlink/-/comlink-4.4.1.tgz",
      "integrity": "sha512-+1dlx0aY5Jo1vHy/tSsIGpSkN4tS9rZSW8FIhG0JH/crs9wwweswIo/POr451r7bZww3hFbPAKnTpimzL/mm4Q=="
    },
    "cubing": {
      "version": "0.42.1",
      "resolved": "https://registry.npmjs.org/cubing/-/cubing-0.42.1.tgz",
      "integrity": "sha512-WEh8c+hpMOvvXwtC7Ox5tdlxKZo1uqYWQFbJugZCrd9pze3HjyWjRTryC2FhC8HuXbJZo0DEosCBiWpEfkloPA==",
      "requires": {
        "@types/three": "^0.149.0",
        "@types/web-bluetooth": "^0.0.16",
        "comlink": "^4.4.1",
        "random-uint-below": "^2.0.0",
        "three": "^0.150.1"
      },
      "dependencies": {
        "@types/three": {
          "version": "0.149.0",
          "resolved": "https://registry.npmjs.org/@types/three/-/three-0.149.0.tgz",
          "integrity": "sha512-fgNBm9LWc65ER/W0cvoXdC0iMy7Ke9e2CONmEr6Jt8sDSY3sw4DgOubZfmdZ747dkPhbQrgRQAWwDEr2S/7IEg==",
          "requires": {
            "@types/webxr": "*"
          }
        },
        "@types/web-bluetooth": {
          "version": "0.0.16",
          "resolved": "https://registry.npmjs.org/@types/web-bluetooth/-/web-bluetooth-0.0.16.tgz",
          "integrity": "sha512-oh8q2Zc32S6gd/j50GowEjKLoOVOwHP/bWVjKJInBwQqdOYMdPrf1oVlelTlyfFK3CKxL1uahMDAr+vy8T7yMQ=="
        },
        "three": {
          "version": "0.150.1",
          "resolved": "https://registry.npmjs.org/three/-/three-0.150.1.tgz",
          "integrity": "sha512-5C1MqKUWaHYo13BX0Q64qcdwImgnnjSOFgBscOzAo8MYCzEtqfQqorEKMcajnA3FHy1yVlIe9AmaMQ0OQracNA=="
        }
      }
    },
    "esbuild": {
      "version": "0.15.14",
      "resolved": "https://registry.npmjs.org/esbuild/-/esbuild-0.15.14.tgz",
      "integrity": "sha512-pJN8j42fvWLFWwSMG4luuupl2Me7mxciUOsMegKvwCmhEbJ2covUdFnihxm0FMIBV+cbwbtMoHgMCCI+pj1btQ==",
      "dev": true,
      "requires": {
        "@esbuild/android-arm": "0.15.14",
        "@esbuild/linux-loong64": "0.15.14",
        "esbuild-android-64": "0.15.14",
        "esbuild-android-arm64": "0.15.14",
        "esbuild-darwin-64": "0.15.14",
        "esbuild-darwin-arm64": "0.15.14",
        "esbuild-freebsd-64": "0.15.14",
        "esbuild-freebsd-arm64": "0.15.14",
        "esbuild-linux-32": "0.15.14",
        "esbuild-linux-64": "0.15.14",
        "esbuild-linux-arm": "0.15.14",
        "esbuild-linux-arm64": "0.15.14",
        "esbuild-linux-mips64le": "0.15.14",
        "esbuild-linux-ppc64le": "0.15.14",
        "esbuild-linux-riscv64": "0.15.14",
        "esbuild-linux-s390x": "0.15.14",
        "esbuild-netbsd-64": "0.15.14",
        "esbuild-openbsd-64": "0.15.14",
        "esbuild-sunos-64": "0.15.14",
        "esbuild-windows-32": "0.15.14",
        "esbuild-windows-64": "0.15.14",
        "esbuild-windows-arm64": "0.15.14"
      }
    },
    "esbuild-android-64": {
      "version": "0.15.14",
      "resolved": "https://registry.npmjs.org/esbuild-android-64/-/esbuild-android-64-0.15.14.tgz",
      "integrity": "sha512-HuilVIb4rk9abT4U6bcFdU35UHOzcWVGLSjEmC58OVr96q5UiRqzDtWjPlCMugjhgUGKEs8Zf4ueIvYbOStbIg==",
      "dev": true,
      "optional": true
    },
    "esbuild-android-arm64": {
      "version": "0.15.14",
      "resolved": "https://registry.npmjs.org/esbuild-android-arm64/-/esbuild-android-arm64-0.15.14.tgz",
      "integrity": "sha512-/QnxRVxsR2Vtf3XottAHj7hENAMW2wCs6S+OZcAbc/8nlhbAL/bCQRCVD78VtI5mdwqWkVi3wMqM94kScQCgqg==",
      "dev": true,
      "optional": true
    },
    "esbuild-darwin-64": {
      "version": "0.15.14",
      "resolved": "https://registry.npmjs.org/esbuild-darwin-64/-/esbuild-darwin-64-0.15.14.tgz",
      "integrity": "sha512-ToNuf1uifu8hhwWvoZJGCdLIX/1zpo8cOGnT0XAhDQXiKOKYaotVNx7pOVB1f+wHoWwTLInrOmh3EmA7Fd+8Vg==",
      "dev": true,
      "optional": true
    },
    "esbuild-darwin-arm64": {
      "version": "0.15.14",
      "resolved": "https://registry.npmjs.org/esbuild-darwin-arm64/-/esbuild-darwin-arm64-0.15.14.tgz",
      "integrity": "sha512-KgGP+y77GszfYJgceO0Wi/PiRtYo5y2Xo9rhBUpxTPaBgWDJ14gqYN0+NMbu+qC2fykxXaipHxN4Scaj9tUS1A==",
      "dev": true,
      "optional": true
    },
    "esbuild-freebsd-64": {
      "version": "0.15.14",
      "resolved": "https://registry.npmjs.org/esbuild-freebsd-64/-/esbuild-freebsd-64-0.15.14.tgz",
      "integrity": "sha512-xr0E2n5lyWw3uFSwwUXHc0EcaBDtsal/iIfLioflHdhAe10KSctV978Te7YsfnsMKzcoGeS366+tqbCXdqDHQA==",
      "dev": true,
      "optional": true
    },
    "esbuild-freebsd-arm64": {
      "version": "0.15.14",
      "resolved": "https://registry.npmjs.org/esbuild-freebsd-arm64/-/esbuild-freebsd-arm64-0.15.14.tgz",
      "integrity": "sha512-8XH96sOQ4b1LhMlO10eEWOjEngmZ2oyw3pW4o8kvBcpF6pULr56eeYVP5radtgw54g3T8nKHDHYEI5AItvskZg==",
      "dev": true,
      "optional": true
    },
    "esbuild-linux-32": {
      "version": "0.15.14",
      "resolved": "https://registry.npmjs.org/esbuild-linux-32/-/esbuild-linux-32-0.15.14.tgz",
      "integrity": "sha512-6ssnvwaTAi8AzKN8By2V0nS+WF5jTP7SfuK6sStGnDP7MCJo/4zHgM9oE1eQTS2jPmo3D673rckuCzRlig+HMA==",
      "dev": true,
      "optional": true
    },
    "esbuild-linux-64": {
      "version": "0.15.14",
      "resolved": "https://registry.npmjs.org/esbuild-linux-64/-/esbuild-linux-64-0.15.14.tgz",
      "integrity": "sha512-ONySx3U0wAJOJuxGUlXBWxVKFVpWv88JEv0NZ6NlHknmDd1yCbf4AEdClSgLrqKQDXYywmw4gYDvdLsS6z0hcw==",
      "dev": true,
      "optional": true
    },
    "esbuild-linux-arm": {
      "version": "0.15.14",
      "resolved": "https://registry.npmjs.org/esbuild-linux-arm/-/esbuild-linux-arm-0.15.14.tgz",
      "integrity": "sha512-D2LImAIV3QzL7lHURyCHBkycVFbKwkDb1XEUWan+2fb4qfW7qAeUtul7ZIcIwFKZgPcl+6gKZmvLgPSj26RQ2Q==",
      "dev": true,
      "optional": true
    },
    "esbuild-linux-arm64": {
      "version": "0.15.14",
      "resolved": "https://registry.npmjs.org/esbuild-linux-arm64/-/esbuild-linux-arm64-0.15.14.tgz",
      "integrity": "sha512-kle2Ov6a1e5AjlHlMQl1e+c4myGTeggrRzArQFmWp6O6JoqqB9hT+B28EW4tjFWgV/NxUq46pWYpgaWXsXRPAg==",
      "dev": true,
      "optional": true
    },
    "esbuild-linux-mips64le": {
      "version": "0.15.14",
      "resolved": "https://registry.npmjs.org/esbuild-linux-mips64le/-/esbuild-linux-mips64le-0.15.14.tgz",
      "integrity": "sha512-FVdMYIzOLXUq+OE7XYKesuEAqZhmAIV6qOoYahvUp93oXy0MOVTP370ECbPfGXXUdlvc0TNgkJa3YhEwyZ6MRA==",
      "dev": true,
      "optional": true
    },
    "esbuild-linux-ppc64le": {
      "version": "0.15.14",
      "resolved": "https://registry.npmjs.org/esbuild-linux-ppc64le/-/esbuild-linux-ppc64le-0.15.14.tgz",
      "integrity": "sha512-2NzH+iuzMDA+jjtPjuIz/OhRDf8tzbQ1tRZJI//aT25o1HKc0reMMXxKIYq/8nSHXiJSnYV4ODzTiv45s+h73w==",
      "dev": true,
      "optional": true
    },
    "esbuild-linux-riscv64": {
      "version": "0.15.14",
      "resolved": "https://registry.npmjs.org/esbuild-linux-riscv64/-/esbuild-linux-riscv64-0.15.14.tgz",
      "integrity": "sha512-VqxvutZNlQxmUNS7Ac+aczttLEoHBJ9e3OYGqnULrfipRvG97qLrAv9EUY9iSrRKBqeEbSvS9bSfstZqwz0T4Q==",
      "dev": true,
      "optional": true
    },
    "esbuild-linux-s390x": {
      "version": "0.15.14",
      "resolved": "https://registry.npmjs.org/esbuild-linux-s390x/-/esbuild-linux-s390x-0.15.14.tgz",
      "integrity": "sha512-+KVHEUshX5n6VP6Vp/AKv9fZIl5kr2ph8EUFmQUJnDpHwcfTSn2AQgYYm0HTBR2Mr4d0Wlr0FxF/Cs5pbFgiOw==",
      "dev": true,
      "optional": true
    },
    "esbuild-netbsd-64": {
      "version": "0.15.14",
      "resolved": "https://registry.npmjs.org/esbuild-netbsd-64/-/esbuild-netbsd-64-0.15.14.tgz",
      "integrity": "sha512-6D/dr17piEgevIm1xJfZP2SjB9Z+g8ERhNnBdlZPBWZl+KSPUKLGF13AbvC+nzGh8IxOH2TyTIdRMvKMP0nEzQ==",
      "dev": true,
      "optional": true
    },
    "esbuild-openbsd-64": {
      "version": "0.15.14",
      "resolved": "https://registry.npmjs.org/esbuild-openbsd-64/-/esbuild-openbsd-64-0.15.14.tgz",
      "integrity": "sha512-rREQBIlMibBetgr2E9Lywt2Qxv2ZdpmYahR4IUlAQ1Efv/A5gYdO0/VIN3iowDbCNTLxp0bb57Vf0LFcffD6kA==",
      "dev": true,
      "optional": true
    },
    "esbuild-sunos-64": {
      "version": "0.15.14",
      "resolved": "https://registry.npmjs.org/esbuild-sunos-64/-/esbuild-sunos-64-0.15.14.tgz",
      "integrity": "sha512-DNVjSp/BY4IfwtdUAvWGIDaIjJXY5KI4uD82+15v6k/w7px9dnaDaJJ2R6Mu+KCgr5oklmFc0KjBjh311Gxl9Q==",
      "dev": true,
      "optional": true
    },
    "esbuild-windows-32": {
      "version": "0.15.14",
      "resolved": "https://registry.npmjs.org/esbuild-windows-32/-/esbuild-windows-32-0.15.14.tgz",
      "integrity": "sha512-pHBWrcA+/oLgvViuG9FO3kNPO635gkoVrRQwe6ZY1S0jdET07xe2toUvQoJQ8KT3/OkxqUasIty5hpuKFLD+eg==",
      "dev": true,
      "optional": true
    },
    "esbuild-windows-64": {
      "version": "0.15.14",
      "resolved": "https://registry.npmjs.org/esbuild-windows-64/-/esbuild-windows-64-0.15.14.tgz",
      "integrity": "sha512-CszIGQVk/P8FOS5UgAH4hKc9zOaFo69fe+k1rqgBHx3CSK3Opyk5lwYriIamaWOVjBt7IwEP6NALz+tkVWdFog==",
      "dev": true,
      "optional": true
    },
    "esbuild-windows-arm64": {
      "version": "0.15.14",
      "resolved": "https://registry.npmjs.org/esbuild-windows-arm64/-/esbuild-windows-arm64-0.15.14.tgz",
      "integrity": "sha512-KW9W4psdZceaS9A7Jsgl4WialOznSURvqX/oHZk3gOP7KbjtHLSsnmSvNdzagGJfxbAe30UVGXRe8q8nDsOSQw==",
      "dev": true,
      "optional": true
    },
    "random-uint-below": {
      "version": "2.0.0",
      "resolved": "https://registry.npmjs.org/random-uint-below/-/random-uint-below-2.0.0.tgz",
      "integrity": "sha512-2gD9r+3IkNJ6JGfra+T2tA4SGf3ne5pz2QGuXQ9fXdxAX38i0OEsqJ19smnEsYnjhYi0H0ICo8D4pfqw3Pszhw=="
    },
    "scramble-display": {
      "version": "0.5.3",
      "resolved": "https://registry.npmjs.org/scramble-display/-/scramble-display-0.5.3.tgz",
      "integrity": "sha512-8vIHXx52IRS8v8LmG4a2YALstr9ZEYqbyHUVLAqRDTNnOcmv/3hbwWBsjWYw4MC9B1OGSfq1LJLL1u3uOJYDVg==",
      "requires": {
        "cubing": "^0.32.1"
      },
      "dependencies": {
        "cubing": {
          "version": "0.32.2",
          "resolved": "https://registry.npmjs.org/cubing/-/cubing-0.32.2.tgz",
          "integrity": "sha512-Xc3Ht+se+P0+uuhn9pI05W6pZQnJrL4uRDubkJlqnFKUgssoIaSDm+kXOCovNUT8JRk6ZmC/9zT1uEf6mVzDVg==",
          "requires": {
            "@types/three": "^0.144.0",
            "@types/web-bluetooth": "^0.0.15",
            "comlink": "^4.3.1",
            "random-uint-below": "^2.0.0",
            "three": "^0.144.0"
          }
        },
        "three": {
          "version": "0.144.0",
          "resolved": "https://registry.npmjs.org/three/-/three-0.144.0.tgz",
          "integrity": "sha512-R8AXPuqfjfRJKkYoTQcTK7A6i3AdO9++2n8ubya/GTU+fEHhYKu1ZooRSCPkx69jbnzT7dD/xEo6eROQTt2lJw=="
        }
      }
    },
    "three": {
      "version": "0.146.0",
      "resolved": "https://registry.npmjs.org/three/-/three-0.146.0.tgz",
      "integrity": "sha512-1lvNfLezN6OJ9NaFAhfX4sm5e9YCzHtaRgZ1+B4C+Hv6TibRMsuBAM5/wVKzxjpYIlMymvgsHEFrrigEfXnb2A=="
    }
  }
}
