{
  "name": "esm",
  "lockfileVersion": 2,
  "requires": true,
  "packages": {
    "": {
      "dependencies": {
        "cubing": "^0.18.3-alpha.2",
        "scramble-display": "^0.2.6",
        "scrambles": "^0.1.13",
        "three": "^0.129.0"
      },
      "devDependencies": {
        "esbuild": "^0.12.6"
      }
    },
    "node_modules/@types/resize-observer-browser": {
      "version": "0.1.5",
      "resolved": "https://registry.npmjs.org/@types/resize-observer-browser/-/resize-observer-browser-0.1.5.tgz",
      "integrity": "sha512-8k/67Z95Goa6Lznuykxkfhq9YU3l1Qe6LNZmwde1u7802a3x8v44oq0j91DICclxatTr0rNnhXx7+VTIetSrSQ=="
    },
    "node_modules/@types/three": {
      "version": "0.126.2",
      "resolved": "https://registry.npmjs.org/@types/three/-/three-0.126.2.tgz",
      "integrity": "sha512-6JqTgijtfXcTJik8NtiNxr2L90ex6ElM00qilOGeUcrEsJLOdzLJSIkXHUYS+KPAYQYtRJQKD6XaXds3HjS+gg=="
    },
    "node_modules/@types/web-bluetooth": {
      "version": "0.0.4",
      "resolved": "https://registry.npmjs.org/@types/web-bluetooth/-/web-bluetooth-0.0.4.tgz",
      "integrity": "sha512-C+BgVBBGY9c6ixcc5PsKAmGaCy3bswZ5zx/AWIAik9dgFuBkFsXBA3ze69jJi05xdZQ99QkfBSVIX6zl+6Tmww=="
    },
    "node_modules/comlink": {
      "version": "4.3.1",
      "resolved": "https://registry.npmjs.org/comlink/-/comlink-4.3.1.tgz",
      "integrity": "sha512-+YbhUdNrpBZggBAHWcgQMLPLH1KDF3wJpeqrCKieWQ8RL7atmgsgTQko1XEBK6PsecfopWNntopJ+ByYG1lRaA=="
    },
    "node_modules/cubing": {
      "version": "0.18.3-alpha.2",
      "resolved": "https://registry.npmjs.org/cubing/-/cubing-0.18.3-alpha.2.tgz",
      "integrity": "sha512-x1cRqkvlwMUWUdFsc0Y1ud5pqYQPYauhl4h1+HnV4YiN8NeVrqfx41E0ltZTdLe6MTV70H/yjyx7N9UO0lp0rA==",
      "dependencies": {
        "@types/three": "^0.126.1",
        "@types/web-bluetooth": "0.0.4",
        "comlink": "^4.3.1",
        "three": "^0.126.1",
        "web-worker": "^1.0.0"
      }
    },
    "node_modules/cubing/node_modules/three": {
      "version": "0.126.1",
      "resolved": "https://registry.npmjs.org/three/-/three-0.126.1.tgz",
      "integrity": "sha512-eOEXnZeE1FDV0XgL1u08auIP13jxdN9LQBAEmlErYzMxtIIfuGIAZbijOyookALUhqVzVOx0Tywj6n192VM+nQ=="
    },
    "node_modules/esbuild": {
      "version": "0.12.6",
      "resolved": "https://registry.npmjs.org/esbuild/-/esbuild-0.12.6.tgz",
      "integrity": "sha512-RDvVLvAjsq/kIZJoneMiUOH7EE7t2QaW7T3Q7EdQij14+bZbDq5sndb0tTanmHIFSqZVMBMMyqzVHkS3dJobeA==",
      "dev": true,
      "hasInstallScript": true,
      "bin": {
        "esbuild": "bin/esbuild"
      }
    },
    "node_modules/regenerator-runtime": {
      "version": "0.13.7",
      "resolved": "https://registry.npmjs.org/regenerator-runtime/-/regenerator-runtime-0.13.7.tgz",
      "integrity": "sha512-a54FxoJDIr27pgf7IgeQGxmqUNYrcV338lf/6gH456HZ/PhX+5BcwHXG9ajESmwe6WRO0tAzRUrRmNONWgkrew=="
    },
    "node_modules/scramble-display": {
      "version": "0.2.6",
      "resolved": "https://registry.npmjs.org/scramble-display/-/scramble-display-0.2.6.tgz",
      "integrity": "sha512-D+fn2IByxAgAu8tmxBDtLNmLdjFu+tsmJMoPGG2Q4DI18A/X+dp0InPRjpovaYNk+VaveErNNaUMpixUhl9j3A==",
      "dependencies": {
        "cubing": "^0.12.17"
      }
    },
    "node_modules/scramble-display/node_modules/cubing": {
      "version": "0.12.19",
      "resolved": "https://registry.npmjs.org/cubing/-/cubing-0.12.19.tgz",
      "integrity": "sha512-nQGILOI9+fVAG3bLgQaiHXgnsHp/Xjq0vVrHw6G0aDIqNaoxhVulRK1N8CgezpjvQU5Ss6/+JquooJCvzajC+Q==",
      "dependencies": {
        "@types/resize-observer-browser": "^0.1.3",
        "@types/web-bluetooth": "0.0.4",
        "regenerator-runtime": "^0.13.7",
        "three": "^0.118.3"
      },
      "bin": {
        "puzzle-geometry": "dist/bin/puzzle-geometry-bin.js"
      }
    },
    "node_modules/scramble-display/node_modules/three": {
      "version": "0.118.3",
      "resolved": "https://registry.npmjs.org/three/-/three-0.118.3.tgz",
      "integrity": "sha512-ijECXrNzDkHieoeh2H69kgawTGH8DiamhR4uBN8jEM7VHSKvfTdEvOoHsA8Aq7dh7PHAxhlqBsN5arBI3KixSw=="
    },
    "node_modules/scrambles": {
      "version": "0.1.13",
      "resolved": "https://registry.npmjs.org/scrambles/-/scrambles-0.1.13.tgz",
      "integrity": "sha512-iDxvtKHmi+bpkXyKYmHeG95UzBF6KP8G1yhp7jQOIcO5WdevGWSyOK0HdwRn/wO2yNQ1TtLEo4oJ5WPMkol9+A==",
      "dependencies": {
        "comlink": "^4.3.0",
        "cubing": "^0.14.3"
      },
      "engines": {
        "node": ">=14.0.0"
      }
    },
    "node_modules/scrambles/node_modules/cubing": {
      "version": "0.14.8",
      "resolved": "https://registry.npmjs.org/cubing/-/cubing-0.14.8.tgz",
      "integrity": "sha512-9fG8FsOFX5RuPU6SnE2GngHi1KZzCJvFf5nv73A4Tt6DkARZTPRuakA9wr5lGPdLYQU0+Kh7/pNVC6H+c6NPuQ==",
      "dependencies": {
        "@types/resize-observer-browser": "^0.1.3",
        "@types/web-bluetooth": "0.0.4",
        "three": "^0.118.3"
      }
    },
    "node_modules/scrambles/node_modules/three": {
      "version": "0.118.3",
      "resolved": "https://registry.npmjs.org/three/-/three-0.118.3.tgz",
      "integrity": "sha512-ijECXrNzDkHieoeh2H69kgawTGH8DiamhR4uBN8jEM7VHSKvfTdEvOoHsA8Aq7dh7PHAxhlqBsN5arBI3KixSw=="
    },
    "node_modules/three": {
      "version": "0.129.0",
      "resolved": "https://registry.npmjs.org/three/-/three-0.129.0.tgz",
      "integrity": "sha512-wiWio1yVRg2Oj6WEWsTHQo5eSzYpEwSBtPSi3OofNpvFbf26HFfb9kw4FZJNjII4qxzp0b1xLB11+tKkBGB1ZA=="
    },
    "node_modules/web-worker": {
      "version": "1.0.0",
      "resolved": "https://registry.npmjs.org/web-worker/-/web-worker-1.0.0.tgz",
      "integrity": "sha512-BzuMqeKVkKKwHV6tJuwePFcxYMxvC97D448mXTgh/CxXAB4sRtoV26gRPN+JDxsXRR7QZyioMV9O6NzQaASf7Q=="
    }
  },
  "dependencies": {
    "@types/resize-observer-browser": {
      "version": "0.1.5",
      "resolved": "https://registry.npmjs.org/@types/resize-observer-browser/-/resize-observer-browser-0.1.5.tgz",
      "integrity": "sha512-8k/67Z95Goa6Lznuykxkfhq9YU3l1Qe6LNZmwde1u7802a3x8v44oq0j91DICclxatTr0rNnhXx7+VTIetSrSQ=="
    },
    "@types/three": {
      "version": "0.126.2",
      "resolved": "https://registry.npmjs.org/@types/three/-/three-0.126.2.tgz",
      "integrity": "sha512-6JqTgijtfXcTJik8NtiNxr2L90ex6ElM00qilOGeUcrEsJLOdzLJSIkXHUYS+KPAYQYtRJQKD6XaXds3HjS+gg=="
    },
    "@types/web-bluetooth": {
      "version": "0.0.4",
      "resolved": "https://registry.npmjs.org/@types/web-bluetooth/-/web-bluetooth-0.0.4.tgz",
      "integrity": "sha512-C+BgVBBGY9c6ixcc5PsKAmGaCy3bswZ5zx/AWIAik9dgFuBkFsXBA3ze69jJi05xdZQ99QkfBSVIX6zl+6Tmww=="
    },
    "comlink": {
      "version": "4.3.1",
      "resolved": "https://registry.npmjs.org/comlink/-/comlink-4.3.1.tgz",
      "integrity": "sha512-+YbhUdNrpBZggBAHWcgQMLPLH1KDF3wJpeqrCKieWQ8RL7atmgsgTQko1XEBK6PsecfopWNntopJ+ByYG1lRaA=="
    },
    "cubing": {
      "version": "0.18.3-alpha.2",
      "resolved": "https://registry.npmjs.org/cubing/-/cubing-0.18.3-alpha.2.tgz",
      "integrity": "sha512-x1cRqkvlwMUWUdFsc0Y1ud5pqYQPYauhl4h1+HnV4YiN8NeVrqfx41E0ltZTdLe6MTV70H/yjyx7N9UO0lp0rA==",
      "requires": {
        "@types/three": "^0.126.1",
        "@types/web-bluetooth": "0.0.4",
        "comlink": "^4.3.1",
        "three": "^0.126.1",
        "web-worker": "^1.0.0"
      },
      "dependencies": {
        "three": {
          "version": "0.126.1",
          "resolved": "https://registry.npmjs.org/three/-/three-0.126.1.tgz",
          "integrity": "sha512-eOEXnZeE1FDV0XgL1u08auIP13jxdN9LQBAEmlErYzMxtIIfuGIAZbijOyookALUhqVzVOx0Tywj6n192VM+nQ=="
        }
      }
    },
    "esbuild": {
      "version": "0.12.6",
      "resolved": "https://registry.npmjs.org/esbuild/-/esbuild-0.12.6.tgz",
      "integrity": "sha512-RDvVLvAjsq/kIZJoneMiUOH7EE7t2QaW7T3Q7EdQij14+bZbDq5sndb0tTanmHIFSqZVMBMMyqzVHkS3dJobeA==",
      "dev": true
    },
    "regenerator-runtime": {
      "version": "0.13.7",
      "resolved": "https://registry.npmjs.org/regenerator-runtime/-/regenerator-runtime-0.13.7.tgz",
      "integrity": "sha512-a54FxoJDIr27pgf7IgeQGxmqUNYrcV338lf/6gH456HZ/PhX+5BcwHXG9ajESmwe6WRO0tAzRUrRmNONWgkrew=="
    },
    "scramble-display": {
      "version": "0.2.6",
      "resolved": "https://registry.npmjs.org/scramble-display/-/scramble-display-0.2.6.tgz",
      "integrity": "sha512-D+fn2IByxAgAu8tmxBDtLNmLdjFu+tsmJMoPGG2Q4DI18A/X+dp0InPRjpovaYNk+VaveErNNaUMpixUhl9j3A==",
      "requires": {
        "cubing": "^0.12.17"
      },
      "dependencies": {
        "cubing": {
          "version": "0.12.19",
          "resolved": "https://registry.npmjs.org/cubing/-/cubing-0.12.19.tgz",
          "integrity": "sha512-nQGILOI9+fVAG3bLgQaiHXgnsHp/Xjq0vVrHw6G0aDIqNaoxhVulRK1N8CgezpjvQU5Ss6/+JquooJCvzajC+Q==",
          "requires": {
            "@types/resize-observer-browser": "^0.1.3",
            "@types/web-bluetooth": "0.0.4",
            "regenerator-runtime": "^0.13.7",
            "three": "^0.118.3"
          }
        },
        "three": {
          "version": "0.118.3",
          "resolved": "https://registry.npmjs.org/three/-/three-0.118.3.tgz",
          "integrity": "sha512-ijECXrNzDkHieoeh2H69kgawTGH8DiamhR4uBN8jEM7VHSKvfTdEvOoHsA8Aq7dh7PHAxhlqBsN5arBI3KixSw=="
        }
      }
    },
    "scrambles": {
      "version": "0.1.13",
      "resolved": "https://registry.npmjs.org/scrambles/-/scrambles-0.1.13.tgz",
      "integrity": "sha512-iDxvtKHmi+bpkXyKYmHeG95UzBF6KP8G1yhp7jQOIcO5WdevGWSyOK0HdwRn/wO2yNQ1TtLEo4oJ5WPMkol9+A==",
      "requires": {
        "comlink": "^4.3.0",
        "cubing": "^0.14.3"
      },
      "dependencies": {
        "cubing": {
          "version": "0.14.8",
          "resolved": "https://registry.npmjs.org/cubing/-/cubing-0.14.8.tgz",
          "integrity": "sha512-9fG8FsOFX5RuPU6SnE2GngHi1KZzCJvFf5nv73A4Tt6DkARZTPRuakA9wr5lGPdLYQU0+Kh7/pNVC6H+c6NPuQ==",
          "requires": {
            "@types/resize-observer-browser": "^0.1.3",
            "@types/web-bluetooth": "0.0.4",
            "three": "^0.118.3"
          }
        },
        "three": {
          "version": "0.118.3",
          "resolved": "https://registry.npmjs.org/three/-/three-0.118.3.tgz",
          "integrity": "sha512-ijECXrNzDkHieoeh2H69kgawTGH8DiamhR4uBN8jEM7VHSKvfTdEvOoHsA8Aq7dh7PHAxhlqBsN5arBI3KixSw=="
        }
      }
    },
    "three": {
      "version": "0.129.0",
      "resolved": "https://registry.npmjs.org/three/-/three-0.129.0.tgz",
      "integrity": "sha512-wiWio1yVRg2Oj6WEWsTHQo5eSzYpEwSBtPSi3OofNpvFbf26HFfb9kw4FZJNjII4qxzp0b1xLB11+tKkBGB1ZA=="
    },
    "web-worker": {
      "version": "1.0.0",
      "resolved": "https://registry.npmjs.org/web-worker/-/web-worker-1.0.0.tgz",
      "integrity": "sha512-BzuMqeKVkKKwHV6tJuwePFcxYMxvC97D448mXTgh/CxXAB4sRtoV26gRPN+JDxsXRR7QZyioMV9O6NzQaASf7Q=="
    }
  }
}
